
Microsoft Visual Studio Solution File, Format Version 12.00
# Visual Studio Version 16
VisualStudioVersion = 16.0.30413.136
MinimumVisualStudioVersion = 10.0.40219.1
Project("{FAE04EC0-301F-11D3-BF4B-00C04F79EFBC}") = "ChildStudy", "ChildStudy\ChildStudy.csproj", "{33802421-3F75-4A7F-9E11-454B5EC1B3A2}"
EndProject
Global
	GlobalSection(SolutionConfigurationPlatforms) = preSolution
		Debug|Any CPU = Debug|Any CPU
		Release|Any CPU = Release|Any CPU
	EndGlobalSection
	GlobalSection(ProjectConfigurationPlatforms) = postSolution
		{33802421-3F75-4A7F-9E11-454B5EC1B3A2}.Debug|Any CPU.ActiveCfg = Debug|Any CPU
		{33802421-3F75-4A7F-9E11-454B5EC1B3A2}.Debug|Any CPU.Build.0 = Debug|Any CPU
		{33802421-3F75-4A7F-9E11-454B5EC1B3A2}.Release|Any CPU.ActiveCfg = Release|Any CPU
		{33802421-3F75-4A7F-9E11-454B5EC1B3A2}.Release|Any CPU.Build.0 = Release|Any CPU
	EndGlobalSection
	GlobalSection(SolutionProperties) = preSolution
		HideSolutionNode = FALSE
	EndGlobalSection
	GlobalSection(ExtensibilityGlobals) = postSolution
		SolutionGuid = {ED6B86F6-693C-493A-99D9-EF958464FB53}
	EndGlobalSection
EndGlobal
